{
  "name": "jobanalysis",
  "version": "1.0.0",
  "lockfileVersion": 2,
  "requires": true,
  "packages": {
    "": {
      "name": "jobanalysis",
      "version": "1.0.0",
      "license": "ISC",
      "devDependencies": {
        "@types/echarts": "^4.9.16",
        "@types/jquery": "^3.5.14",
        "@types/layui-src": "^2.6.0",
        "layui": "^2.8.0-beta.2"
      }
    },
    "node_modules/@types/echarts": {
      "version": "4.9.16",
      "resolved": "https://repo.huaweicloud.com/repository/npm/@types/echarts/-/echarts-4.9.16.tgz",
      "integrity": "sha512-bfiagfPw3dWauAIJ9fgoJQoL4hLWlGcltqwbE6LGye0NIY5xnbZau+mDmadCzGojic3MWuFDCUiO25kl4sRGeA==",
      "dev": true,
      "license": "MIT",
      "dependencies": {
        "@types/zrender": "*"
      }
    },
    "node_modules/@types/jquery": {
      "version": "3.5.14",
      "resolved": "https://repo.huaweicloud.com/repository/npm/@types/jquery/-/jquery-3.5.14.tgz",
      "integrity": "sha512-X1gtMRMbziVQkErhTQmSe2jFwwENA/Zr+PprCkF63vFq+Yt5PZ4AlKqgmeNlwgn7dhsXEK888eIW2520EpC+xg==",
      "dev": true,
      "license": "MIT",
      "dependencies": {
        "@types/sizzle": "*"
      }
    },
    "node_modules/@types/layui-src": {
      "version": "2.6.0",
      "resolved": "https://repo.huaweicloud.com/repository/npm/@types/layui-src/-/layui-src-2.6.0.tgz",
      "integrity": "sha512-wntTWCh7KHIWwa+79t1SbCbGK4X8bfjn5Dr+toYRjOw9K3DFBB6PU/I9wLqJQVJoQzSlANmVGm/ytQaZjMilmA==",
      "dev": true,
      "license": "MIT"
    },
    "node_modules/@types/sizzle": {
      "version": "2.3.3",
      "resolved": "https://repo.huaweicloud.com/repository/npm/@types/sizzle/-/sizzle-2.3.3.tgz",
      "integrity": "sha512-JYM8x9EGF163bEyhdJBpR2QX1R5naCJHC8ucJylJ3w9/CVBaskdQ8WqBf8MmQrd1kRvp/a4TS8HJ+bxzR7ZJYQ==",
      "dev": true,
      "license": "MIT"
    },
    "node_modules/@types/zrender": {
      "version": "4.0.3",
      "resolved": "https://repo.huaweicloud.com/repository/npm/@types/zrender/-/zrender-4.0.3.tgz",
      "integrity": "sha512-EPI269lkHNsObwILJ1k1z7znLjKyePuWRy/XKK0shSGpBb9cIX307arcwJV4+2NeZj5wEjN06r4D8yFv7sI06g==",
      "dev": true,
      "license": "MIT"
    },
    "node_modules/layui": {
      "version": "2.8.0-beta.2",
      "resolved": "https://repo.huaweicloud.com/repository/npm/layui/-/layui-2.8.0-beta.2.tgz",
      "integrity": "sha512-UPWWYH7tFNfQOMO/MRjglqsmIOeNoR0vaZkXgBK1VVyOCKrN07MSDaVVp7k/h0wu4r/XKNhyvYGGkfzhsWWHsA==",
      "dev": true,
      "license": "MIT"
    }
  },
  "dependencies": {
    "@types/echarts": {
      "version": "4.9.16",
      "resolved": "https://repo.huaweicloud.com/repository/npm/@types/echarts/-/echarts-4.9.16.tgz",
      "integrity": "sha512-bfiagfPw3dWauAIJ9fgoJQoL4hLWlGcltqwbE6LGye0NIY5xnbZau+mDmadCzGojic3MWuFDCUiO25kl4sRGeA==",
      "dev": true,
      "requires": {
        "@types/zrender": "*"
      }
    },
    "@types/jquery": {
      "version": "3.5.14",
      "resolved": "https://repo.huaweicloud.com/repository/npm/@types/jquery/-/jquery-3.5.14.tgz",
      "integrity": "sha512-X1gtMRMbziVQkErhTQmSe2jFwwENA/Zr+PprCkF63vFq+Yt5PZ4AlKqgmeNlwgn7dhsXEK888eIW2520EpC+xg==",
      "dev": true,
      "requires": {
        "@types/sizzle": "*"
      }
    },
    "@types/layui-src": {
      "version": "2.6.0",
      "resolved": "https://repo.huaweicloud.com/repository/npm/@types/layui-src/-/layui-src-2.6.0.tgz",
      "integrity": "sha512-wntTWCh7KHIWwa+79t1SbCbGK4X8bfjn5Dr+toYRjOw9K3DFBB6PU/I9wLqJQVJoQzSlANmVGm/ytQaZjMilmA==",
      "dev": true
    },
    "@types/sizzle": {
      "version": "2.3.3",
      "resolved": "https://repo.huaweicloud.com/repository/npm/@types/sizzle/-/sizzle-2.3.3.tgz",
      "integrity": "sha512-JYM8x9EGF163bEyhdJBpR2QX1R5naCJHC8ucJylJ3w9/CVBaskdQ8WqBf8MmQrd1kRvp/a4TS8HJ+bxzR7ZJYQ==",
      "dev": true
    },
    "@types/zrender": {
      "version": "4.0.3",
      "resolved": "https://repo.huaweicloud.com/repository/npm/@types/zrender/-/zrender-4.0.3.tgz",
      "integrity": "sha512-EPI269lkHNsObwILJ1k1z7znLjKyePuWRy/XKK0shSGpBb9cIX307arcwJV4+2NeZj5wEjN06r4D8yFv7sI06g==",
      "dev": true
    },
    "layui": {
      "version": "2.8.0-beta.2",
      "resolved": "https://repo.huaweicloud.com/repository/npm/layui/-/layui-2.8.0-beta.2.tgz",
      "integrity": "sha512-UPWWYH7tFNfQOMO/MRjglqsmIOeNoR0vaZkXgBK1VVyOCKrN07MSDaVVp7k/h0wu4r/XKNhyvYGGkfzhsWWHsA==",
      "dev": true
    }
  }
}
