# THIS IS AN AUTOGENERATED FILE. DO NOT EDIT THIS FILE DIRECTLY.
# yarn lockfile v1


"@types/echarts@^4.9.16":
  "integrity" "sha512-bfiagfPw3dWauAIJ9fgoJQoL4hLWlGcltqwbE6LGye0NIY5xnbZau+mDmadCzGojic3MWuFDCUiO25kl4sRGeA=="
  "resolved" "https://repo.huaweicloud.com/repository/npm/@types/echarts/-/echarts-4.9.16.tgz"
  "version" "4.9.16"
  dependencies:
    "@types/zrender" "*"

"@types/jquery@^3.5.14":
  "integrity" "sha512-X1gtMRMbziVQkErhTQmSe2jFwwENA/Zr+PprCkF63vFq+Yt5PZ4AlKqgmeNlwgn7dhsXEK888eIW2520EpC+xg=="
  "resolved" "https://repo.huaweicloud.com/repository/npm/@types/jquery/-/jquery-3.5.14.tgz"
  "version" "3.5.14"
  dependencies:
    "@types/sizzle" "*"

"@types/layui-src@^2.6.0":
  "integrity" "sha512-wntTWCh7KHIWwa+79t1SbCbGK4X8bfjn5Dr+toYRjOw9K3DFBB6PU/I9wLqJQVJoQzSlANmVGm/ytQaZjMilmA=="
  "resolved" "https://repo.huaweicloud.com/repository/npm/@types/layui-src/-/layui-src-2.6.0.tgz"
  "version" "2.6.0"

"@types/sizzle@*":
  "integrity" "sha512-JYM8x9EGF163bEyhdJBpR2QX1R5naCJHC8ucJylJ3w9/CVBaskdQ8WqBf8MmQrd1kRvp/a4TS8HJ+bxzR7ZJYQ=="
  "resolved" "https://repo.huaweicloud.com/repository/npm/@types/sizzle/-/sizzle-2.3.3.tgz"
  "version" "2.3.3"

"@types/zrender@*":
  "integrity" "sha512-EPI269lkHNsObwILJ1k1z7znLjKyePuWRy/XKK0shSGpBb9cIX307arcwJV4+2NeZj5wEjN06r4D8yFv7sI06g=="
  "resolved" "https://repo.huaweicloud.com/repository/npm/@types/zrender/-/zrender-4.0.3.tgz"
  "version" "4.0.3"

"layui@^2.8.0-beta.2":
  "integrity" "sha512-UPWWYH7tFNfQOMO/MRjglqsmIOeNoR0vaZkXgBK1VVyOCKrN07MSDaVVp7k/h0wu4r/XKNhyvYGGkfzhsWWHsA=="
  "resolved" "https://repo.huaweicloud.com/repository/npm/layui/-/layui-2.8.0-beta.2.tgz"
  "version" "2.8.0-beta.2"
